<?xml version="1.0" encoding="utf-8"?>
<Project ToolsVersion="17.0" xmlns="http://schemas.microsoft.com/developer/msbuild/2003">
  <ItemGroup>
    <ClCompile Include="C:\code\lricci\mc68000\cputest\module.cpp">
      <Filter>Source Files</Filter>
    </ClCompile>
    <ClCompile Include="C:\code\lricci\mc68000\cputest\addtest.cpp">
      <Filter>Source Files</Filter>
    </ClCompile>
    <ClCompile Include="C:\code\lricci\mc68000\cputest\andtest.cpp">
      <Filter>Source Files</Filter>
    </ClCompile>
    <ClCompile Include="C:\code\lricci\mc68000\cputest\bittest.cpp">
      <Filter>Source Files</Filter>
    </ClCompile>
    <ClCompile Include="C:\code\lricci\mc68000\cputest\comparetest.cpp">
      <Filter>Source Files</Filter>
    </ClCompile>
    <ClCompile Include="C:\code\lricci\mc68000\cputest\controlflowtest.cpp">
      <Filter>Source Files</Filter>
    </ClCompile>
    <ClCompile Include="C:\code\lricci\mc68000\cputest\cputest.cpp">
      <Filter>Source Files</Filter>
    </ClCompile>
    <ClCompile Include="C:\code\lricci\mc68000\cputest\divtest.cpp">
      <Filter>Source Files</Filter>
    </ClCompile>
    <ClCompile Include="C:\code\lricci\mc68000\cputest\eortest.cpp">
      <Filter>Source Files</Filter>
    </ClCompile>
    <ClCompile Include="C:\code\lricci\mc68000\cputest\exceptiontest.cpp">
      <Filter>Source Files</Filter>
    </ClCompile>
    <ClCompile Include="C:\code\lricci\mc68000\cputest\movetest.cpp">
      <Filter>Source Files</Filter>
    </ClCompile>
    <ClCompile Include="C:\code\lricci\mc68000\cputest\multest.cpp">
      <Filter>Source Files</Filter>
    </ClCompile>
    <ClCompile Include="C:\code\lricci\mc68000\cputest\ortest.cpp">
      <Filter>Source Files</Filter>
    </ClCompile>
    <ClCompile Include="C:\code\lricci\mc68000\cputest\roltest.cpp">
      <Filter>Source Files</Filter>
    </ClCompile>
    <ClCompile Include="C:\code\lricci\mc68000\cputest\shifttest.cpp">
      <Filter>Source Files</Filter>
    </ClCompile>
    <ClCompile Include="C:\code\lricci\mc68000\cputest\subtest.cpp">
      <Filter>Source Files</Filter>
    </ClCompile>
    <ClCompile Include="C:\code\lricci\mc68000\cputest\various.cpp">
      <Filter>Source Files</Filter>
    </ClCompile>
    <ClCompile Include="C:\code\lricci\mc68000\cputest\verifyexecution.cpp">
      <Filter>Source Files</Filter>
    </ClCompile>
  </ItemGroup>
  <ItemGroup>
    <ClInclude Include="C:\code\lricci\mc68000\core\core.h">
      <Filter>Header Files</Filter>
    </ClInclude>
    <ClInclude Include="C:\code\lricci\mc68000\core\noopcpu.h">
      <Filter>Header Files</Filter>
    </ClInclude>
    <ClInclude Include="C:\code\lricci\mc68000\core\disasm.h">
      <Filter>Header Files</Filter>
    </ClInclude>
    <ClInclude Include="C:\code\lricci\mc68000\core\cpu.h">
      <Filter>Header Files</Filter>
    </ClInclude>
    <ClInclude Include="C:\code\lricci\mc68000\core\statusregister.h">
      <Filter>Header Files</Filter>
    </ClInclude>
    <ClInclude Include="C:\code\lricci\mc68000\cputest\verifyexecution.h">
      <Filter>Header Files</Filter>
    </ClInclude>
    <ClInclude Include="C:\code\lricci\mc68000\core\memory.h">
      <Filter>Header Files</Filter>
    </ClInclude>
    <ClInclude Include="C:\code\lricci\mc68000\core\exceptions.h">
      <Filter>Header Files</Filter>
    </ClInclude>
  </ItemGroup>
  <ItemGroup>
    <CustomBuild Include="C:\code\lricci\mc68000\cputest\CMakeLists.txt" />
  </ItemGroup>
  <ItemGroup>
    <Filter Include="Header Files">
      <UniqueIdentifier>{CAA9EBA2-7B47-36C7-9A95-3554D8EC1451}</UniqueIdentifier>
    </Filter>
    <Filter Include="Source Files">
      <UniqueIdentifier>{075D2F66-AD6C-31CC-AC18-6F96EB14C716}</UniqueIdentifier>
    </Filter>
  </ItemGroup>
</Project>
